
Microsoft Visual Studio Solution File, Format Version 12.00
# Visual Studio Version 17
VisualStudioVersion = 17.4.33403.182
MinimumVisualStudioVersion = 10.0.40219.1
Project("{FAE04EC0-301F-11D3-BF4B-00C04F79EFBC}") = "BusinessObject", "BusinessObject\BusinessObject.csproj", "{A769F9F4-8C4E-4F03-B226-3DF40EB16480}"
EndProject
Project("{FAE04EC0-301F-11D3-BF4B-00C04F79EFBC}") = "DataAccess", "DataAccess\DataAccess.csproj", "{C8D629C9-FFBD-4593-A48E-AB638E16C911}"
EndProject
Global
	GlobalSection(SolutionConfigurationPlatforms) = preSolution
		Debug|Any CPU = Debug|Any CPU
		Release|Any CPU = Release|Any CPU
	EndGlobalSection
	GlobalSection(ProjectConfigurationPlatforms) = postSolution
		{A769F9F4-8C4E-4F03-B226-3DF40EB16480}.Debug|Any CPU.ActiveCfg = Debug|Any CPU
		{A769F9F4-8C4E-4F03-B226-3DF40EB16480}.Debug|Any CPU.Build.0 = Debug|Any CPU
		{A769F9F4-8C4E-4F03-B226-3DF40EB16480}.Release|Any CPU.ActiveCfg = Release|Any CPU
		{A769F9F4-8C4E-4F03-B226-3DF40EB16480}.Release|Any CPU.Build.0 = Release|Any CPU
		{C8D629C9-FFBD-4593-A48E-AB638E16C911}.Debug|Any CPU.ActiveCfg = Debug|Any CPU
		{C8D629C9-FFBD-4593-A48E-AB638E16C911}.Debug|Any CPU.Build.0 = Debug|Any CPU
		{C8D629C9-FFBD-4593-A48E-AB638E16C911}.Release|Any CPU.ActiveCfg = Release|Any CPU
		{C8D629C9-FFBD-4593-A48E-AB638E16C911}.Release|Any CPU.Build.0 = Release|Any CPU
	EndGlobalSection
	GlobalSection(SolutionProperties) = preSolution
		HideSolutionNode = FALSE
	EndGlobalSection
	GlobalSection(ExtensibilityGlobals) = postSolution
		SolutionGuid = {D2D49F6D-5316-4AD5-A8A1-E46814F9780F}
	EndGlobalSection
EndGlobal
